
Microsoft Visual Studio Solution File, Format Version 11.00
# Visual Studio 2010
Project("{FAE04EC0-301F-11D3-BF4B-00C04F79EFBC}") = "SampleAspMvc3WithTelerik", "SampleAspMvc3WithTelerik\SampleAspMvc3WithTelerik.csproj", "{4AA8DE0F-3F18-48E3-8C56-C573C53B83EE}"
EndProject
Global
	GlobalSection(SolutionConfigurationPlatforms) = preSolution
		Debug|Any CPU = Debug|Any CPU
		Release|Any CPU = Release|Any CPU
	EndGlobalSection
	GlobalSection(ProjectConfigurationPlatforms) = postSolution
		{4AA8DE0F-3F18-48E3-8C56-C573C53B83EE}.Debug|Any CPU.ActiveCfg = Debug|Any CPU
		{4AA8DE0F-3F18-48E3-8C56-C573C53B83EE}.Debug|Any CPU.Build.0 = Debug|Any CPU
		{4AA8DE0F-3F18-48E3-8C56-C573C53B83EE}.Release|Any CPU.ActiveCfg = Release|Any CPU
		{4AA8DE0F-3F18-48E3-8C56-C573C53B83EE}.Release|Any CPU.Build.0 = Release|Any CPU
	EndGlobalSection
	GlobalSection(SolutionProperties) = preSolution
		HideSolutionNode = FALSE
	EndGlobalSection
EndGlobal
